
Microsoft Visual Studio Solution File, Format Version 12.00
# Visual Studio Version 17
VisualStudioVersion = 17.10.35004.147
MinimumVisualStudioVersion = 10.0.40219.1
Project("{9A19103F-16F7-4668-BE54-9A1E7A4F7556}") = "AwesomeGIC.Bank.UI", "AwesomeGIC.Bank.Console\AwesomeGIC.Bank.UI.csproj", "{AD0C7297-9C66-4EF3-A164-8B0107958540}"
EndProject
Project("{9A19103F-16F7-4668-BE54-9A1E7A4F7556}") = "AwesomeGIC.Bank.Application", "AwesomeGIC.Bank.Application\AwesomeGIC.Bank.Application.csproj", "{0B4152FE-208F-4180-BD34-42AE376ECC7A}"
EndProject
Project("{9A19103F-16F7-4668-BE54-9A1E7A4F7556}") = "AwesomeGIC.Bank.Domain", "AwesomeGIC.Bank.Domain\AwesomeGIC.Bank.Domain.csproj", "{D1D8DF34-3CFF-44D5-B9C1-DD5DDE7AE797}"
EndProject
Project("{9A19103F-16F7-4668-BE54-9A1E7A4F7556}") = "AwesomeGIC.Bank.Infrastructure.Sql", "AwesomeGIC.Bank.Infrastructure.Sql\AwesomeGIC.Bank.Infrastructure.Sql.csproj", "{DD304A0E-5108-48F1-AA69-2B45E450B4C2}"
EndProject
Project("{9A19103F-16F7-4668-BE54-9A1E7A4F7556}") = "AwesomeGIC.Bank.Web.Api", "AwesomeGIC.Bank.Web.Api\AwesomeGIC.Bank.Web.Api.csproj", "{4440C67E-F554-4584-B04B-08B37D6CCBB4}"
EndProject
Global
	GlobalSection(SolutionConfigurationPlatforms) = preSolution
		Debug|Any CPU = Debug|Any CPU
		Release|Any CPU = Release|Any CPU
	EndGlobalSection
	GlobalSection(ProjectConfigurationPlatforms) = postSolution
		{AD0C7297-9C66-4EF3-A164-8B0107958540}.Debug|Any CPU.ActiveCfg = Debug|Any CPU
		{AD0C7297-9C66-4EF3-A164-8B0107958540}.Debug|Any CPU.Build.0 = Debug|Any CPU
		{AD0C7297-9C66-4EF3-A164-8B0107958540}.Release|Any CPU.ActiveCfg = Release|Any CPU
		{AD0C7297-9C66-4EF3-A164-8B0107958540}.Release|Any CPU.Build.0 = Release|Any CPU
		{0B4152FE-208F-4180-BD34-42AE376ECC7A}.Debug|Any CPU.ActiveCfg = Debug|Any CPU
		{0B4152FE-208F-4180-BD34-42AE376ECC7A}.Debug|Any CPU.Build.0 = Debug|Any CPU
		{0B4152FE-208F-4180-BD34-42AE376ECC7A}.Release|Any CPU.ActiveCfg = Release|Any CPU
		{0B4152FE-208F-4180-BD34-42AE376ECC7A}.Release|Any CPU.Build.0 = Release|Any CPU
		{D1D8DF34-3CFF-44D5-B9C1-DD5DDE7AE797}.Debug|Any CPU.ActiveCfg = Debug|Any CPU
		{D1D8DF34-3CFF-44D5-B9C1-DD5DDE7AE797}.Debug|Any CPU.Build.0 = Debug|Any CPU
		{D1D8DF34-3CFF-44D5-B9C1-DD5DDE7AE797}.Release|Any CPU.ActiveCfg = Release|Any CPU
		{D1D8DF34-3CFF-44D5-B9C1-DD5DDE7AE797}.Release|Any CPU.Build.0 = Release|Any CPU
		{DD304A0E-5108-48F1-AA69-2B45E450B4C2}.Debug|Any CPU.ActiveCfg = Debug|Any CPU
		{DD304A0E-5108-48F1-AA69-2B45E450B4C2}.Debug|Any CPU.Build.0 = Debug|Any CPU
		{DD304A0E-5108-48F1-AA69-2B45E450B4C2}.Release|Any CPU.ActiveCfg = Release|Any CPU
		{DD304A0E-5108-48F1-AA69-2B45E450B4C2}.Release|Any CPU.Build.0 = Release|Any CPU
		{4440C67E-F554-4584-B04B-08B37D6CCBB4}.Debug|Any CPU.ActiveCfg = Debug|Any CPU
		{4440C67E-F554-4584-B04B-08B37D6CCBB4}.Debug|Any CPU.Build.0 = Debug|Any CPU
		{4440C67E-F554-4584-B04B-08B37D6CCBB4}.Release|Any CPU.ActiveCfg = Release|Any CPU
		{4440C67E-F554-4584-B04B-08B37D6CCBB4}.Release|Any CPU.Build.0 = Release|Any CPU
	EndGlobalSection
	GlobalSection(SolutionProperties) = preSolution
		HideSolutionNode = FALSE
	EndGlobalSection
	GlobalSection(ExtensibilityGlobals) = postSolution
		SolutionGuid = {5FD0ADD1-3695-41B9-945C-7C90E9319066}
	EndGlobalSection
EndGlobal
